
Microsoft Visual Studio Solution File, Format Version 12.00
# Visual Studio Version 17
VisualStudioVersion = 17.9.34701.34
MinimumVisualStudioVersion = 10.0.40219.1
Project("{FAE04EC0-301F-11D3-BF4B-00C04F79EFBC}") = "LINQ-Practice1", "LINQ-Practice1\LINQ-Practice1.csproj", "{BE04C45F-9600-412C-9560-8AB526BDC524}"
EndProject
Global
	GlobalSection(SolutionConfigurationPlatforms) = preSolution
		Debug|Any CPU = Debug|Any CPU
		Release|Any CPU = Release|Any CPU
	EndGlobalSection
	GlobalSection(ProjectConfigurationPlatforms) = postSolution
		{BE04C45F-9600-412C-9560-8AB526BDC524}.Debug|Any CPU.ActiveCfg = Debug|Any CPU
		{BE04C45F-9600-412C-9560-8AB526BDC524}.Debug|Any CPU.Build.0 = Debug|Any CPU
		{BE04C45F-9600-412C-9560-8AB526BDC524}.Release|Any CPU.ActiveCfg = Release|Any CPU
		{BE04C45F-9600-412C-9560-8AB526BDC524}.Release|Any CPU.Build.0 = Release|Any CPU
	EndGlobalSection
	GlobalSection(SolutionProperties) = preSolution
		HideSolutionNode = FALSE
	EndGlobalSection
	GlobalSection(ExtensibilityGlobals) = postSolution
		SolutionGuid = {4AFDF341-A222-4178-A1A2-84B429732687}
	EndGlobalSection
EndGlobal
